
Microsoft Visual Studio Solution File, Format Version 12.00
# Visual Studio Version 17
VisualStudioVersion = 17.11.35312.102
MinimumVisualStudioVersion = 10.0.40219.1
Project("{FAE04EC0-301F-11D3-BF4B-00C04F79EFBC}") = "Mobilite_Pro_Auth", "Mobilite_Pro_Auth\Mobilite_Pro_Auth.csproj", "{DA2901AC-92FC-496C-B517-5217F4AFDD02}"
EndProject
Global
	GlobalSection(SolutionConfigurationPlatforms) = preSolution
		Debug|Any CPU = Debug|Any CPU
		Release|Any CPU = Release|Any CPU
	EndGlobalSection
	GlobalSection(ProjectConfigurationPlatforms) = postSolution
		{DA2901AC-92FC-496C-B517-5217F4AFDD02}.Debug|Any CPU.ActiveCfg = Debug|Any CPU
		{DA2901AC-92FC-496C-B517-5217F4AFDD02}.Debug|Any CPU.Build.0 = Debug|Any CPU
		{DA2901AC-92FC-496C-B517-5217F4AFDD02}.Release|Any CPU.ActiveCfg = Release|Any CPU
		{DA2901AC-92FC-496C-B517-5217F4AFDD02}.Release|Any CPU.Build.0 = Release|Any CPU
	EndGlobalSection
	GlobalSection(SolutionProperties) = preSolution
		HideSolutionNode = FALSE
	EndGlobalSection
	GlobalSection(ExtensibilityGlobals) = postSolution
		SolutionGuid = {5143F49C-3464-422A-B94B-63D37F56720D}
	EndGlobalSection
EndGlobal
